
Microsoft Visual Studio Solution File, Format Version 12.00
# Visual Studio Version 17
VisualStudioVersion = 17.9.34714.143
MinimumVisualStudioVersion = 10.0.40219.1
Project("{9A19103F-16F7-4668-BE54-9A1E7A4F7556}") = "module-16", "module-16\module-16.csproj", "{6DDE9531-9916-432A-BA9A-C18E143E3F9D}"
EndProject
Project("{FAE04EC0-301F-11D3-BF4B-00C04F79EFBC}") = "Program.Tests", "Program.Tests\Program.Tests.csproj", "{3C95B7ED-7781-4B83-AD18-C22B0164E86F}"
EndProject
Global
	GlobalSection(SolutionConfigurationPlatforms) = preSolution
		Debug|Any CPU = Debug|Any CPU
		Release|Any CPU = Release|Any CPU
	EndGlobalSection
	GlobalSection(ProjectConfigurationPlatforms) = postSolution
		{6DDE9531-9916-432A-BA9A-C18E143E3F9D}.Debug|Any CPU.ActiveCfg = Debug|Any CPU
		{6DDE9531-9916-432A-BA9A-C18E143E3F9D}.Debug|Any CPU.Build.0 = Debug|Any CPU
		{6DDE9531-9916-432A-BA9A-C18E143E3F9D}.Release|Any CPU.ActiveCfg = Release|Any CPU
		{6DDE9531-9916-432A-BA9A-C18E143E3F9D}.Release|Any CPU.Build.0 = Release|Any CPU
		{3C95B7ED-7781-4B83-AD18-C22B0164E86F}.Debug|Any CPU.ActiveCfg = Debug|Any CPU
		{3C95B7ED-7781-4B83-AD18-C22B0164E86F}.Debug|Any CPU.Build.0 = Debug|Any CPU
		{3C95B7ED-7781-4B83-AD18-C22B0164E86F}.Release|Any CPU.ActiveCfg = Release|Any CPU
		{3C95B7ED-7781-4B83-AD18-C22B0164E86F}.Release|Any CPU.Build.0 = Release|Any CPU
	EndGlobalSection
	GlobalSection(SolutionProperties) = preSolution
		HideSolutionNode = FALSE
	EndGlobalSection
	GlobalSection(ExtensibilityGlobals) = postSolution
		SolutionGuid = {CA60F44A-B95F-4168-A424-CCA153FA8A36}
	EndGlobalSection
EndGlobal
